
Microsoft Visual Studio Solution File, Format Version 12.00
# Visual Studio Version 17
VisualStudioVersion = 17.11.35208.52
MinimumVisualStudioVersion = 10.0.40219.1
Project("{FAE04EC0-301F-11D3-BF4B-00C04F79EFBC}") = "LambdaTestCertification", "LambdaTestCertification\LambdaTestCertification.csproj", "{0A5E2EB6-4184-469A-89D0-727304AF46DD}"
EndProject
Global
	GlobalSection(SolutionConfigurationPlatforms) = preSolution
		Debug|Any CPU = Debug|Any CPU
		Release|Any CPU = Release|Any CPU
	EndGlobalSection
	GlobalSection(ProjectConfigurationPlatforms) = postSolution
		{0A5E2EB6-4184-469A-89D0-727304AF46DD}.Debug|Any CPU.ActiveCfg = Debug|Any CPU
		{0A5E2EB6-4184-469A-89D0-727304AF46DD}.Debug|Any CPU.Build.0 = Debug|Any CPU
		{0A5E2EB6-4184-469A-89D0-727304AF46DD}.Release|Any CPU.ActiveCfg = Release|Any CPU
		{0A5E2EB6-4184-469A-89D0-727304AF46DD}.Release|Any CPU.Build.0 = Release|Any CPU
	EndGlobalSection
	GlobalSection(SolutionProperties) = preSolution
		HideSolutionNode = FALSE
	EndGlobalSection
	GlobalSection(ExtensibilityGlobals) = postSolution
		SolutionGuid = {3031F04D-798E-4A2E-884A-4A0F2DF91B30}
	EndGlobalSection
EndGlobal
